
Microsoft Visual Studio Solution File, Format Version 12.00
# Visual Studio Version 17
VisualStudioVersion = 17.1.32414.318
MinimumVisualStudioVersion = 10.0.40219.1
Project("{9A19103F-16F7-4668-BE54-9A1E7A4F7556}") = "Sat.Recruitment.Api", "Sat.Recruitment.Api\Sat.Recruitment.Api.csproj", "{1F342EA2-E7B1-4E53-AB93-9C62288D3FB0}"
EndProject
Project("{9A19103F-16F7-4668-BE54-9A1E7A4F7556}") = "Sat.Recruitment.Test", "Sat.Recruitment.Test\Sat.Recruitment.Test.csproj", "{42E696E9-2672-4B91-AD96-353A69F7219C}"
EndProject
Project("{FAE04EC0-301F-11D3-BF4B-00C04F79EFBC}") = "Sat.Recruitment.Domain", "Sat.Recruitment.Domain\Sat.Recruitment.Domain.csproj", "{4FAB9BCD-BBB2-418F-A91C-95AC3936AF17}"
EndProject
Project("{FAE04EC0-301F-11D3-BF4B-00C04F79EFBC}") = "Sat.Recruitment.Custom", "Sat.Recruitment.Custom\Sat.Recruitment.Custom.csproj", "{5EF307E9-454C-4045-8F70-142EB025D59C}"
EndProject
Project("{FAE04EC0-301F-11D3-BF4B-00C04F79EFBC}") = "Sat.Recruitment.Business", "Sat.Recruitment.Business\Sat.Recruitment.Business.csproj", "{3C8F3D12-5D4E-45F8-80CE-6DF2E7C6410F}"
EndProject
Project("{FAE04EC0-301F-11D3-BF4B-00C04F79EFBC}") = "Sat.Recruitment.DataAccess", "Sat.Recruitment.DataAccess\Sat.Recruitment.DataAccess.csproj", "{6F5E7EB7-5129-4722-BC11-8C9C17838B1F}"
EndProject
Global
	GlobalSection(SolutionConfigurationPlatforms) = preSolution
		Debug|Any CPU = Debug|Any CPU
		Release|Any CPU = Release|Any CPU
	EndGlobalSection
	GlobalSection(ProjectConfigurationPlatforms) = postSolution
		{1F342EA2-E7B1-4E53-AB93-9C62288D3FB0}.Debug|Any CPU.ActiveCfg = Debug|Any CPU
		{1F342EA2-E7B1-4E53-AB93-9C62288D3FB0}.Debug|Any CPU.Build.0 = Debug|Any CPU
		{1F342EA2-E7B1-4E53-AB93-9C62288D3FB0}.Release|Any CPU.ActiveCfg = Release|Any CPU
		{1F342EA2-E7B1-4E53-AB93-9C62288D3FB0}.Release|Any CPU.Build.0 = Release|Any CPU
		{42E696E9-2672-4B91-AD96-353A69F7219C}.Debug|Any CPU.ActiveCfg = Debug|Any CPU
		{42E696E9-2672-4B91-AD96-353A69F7219C}.Debug|Any CPU.Build.0 = Debug|Any CPU
		{42E696E9-2672-4B91-AD96-353A69F7219C}.Release|Any CPU.ActiveCfg = Release|Any CPU
		{42E696E9-2672-4B91-AD96-353A69F7219C}.Release|Any CPU.Build.0 = Release|Any CPU
		{4FAB9BCD-BBB2-418F-A91C-95AC3936AF17}.Debug|Any CPU.ActiveCfg = Debug|Any CPU
		{4FAB9BCD-BBB2-418F-A91C-95AC3936AF17}.Debug|Any CPU.Build.0 = Debug|Any CPU
		{4FAB9BCD-BBB2-418F-A91C-95AC3936AF17}.Release|Any CPU.ActiveCfg = Release|Any CPU
		{4FAB9BCD-BBB2-418F-A91C-95AC3936AF17}.Release|Any CPU.Build.0 = Release|Any CPU
		{5EF307E9-454C-4045-8F70-142EB025D59C}.Debug|Any CPU.ActiveCfg = Debug|Any CPU
		{5EF307E9-454C-4045-8F70-142EB025D59C}.Debug|Any CPU.Build.0 = Debug|Any CPU
		{5EF307E9-454C-4045-8F70-142EB025D59C}.Release|Any CPU.ActiveCfg = Release|Any CPU
		{5EF307E9-454C-4045-8F70-142EB025D59C}.Release|Any CPU.Build.0 = Release|Any CPU
		{3C8F3D12-5D4E-45F8-80CE-6DF2E7C6410F}.Debug|Any CPU.ActiveCfg = Debug|Any CPU
		{3C8F3D12-5D4E-45F8-80CE-6DF2E7C6410F}.Debug|Any CPU.Build.0 = Debug|Any CPU
		{3C8F3D12-5D4E-45F8-80CE-6DF2E7C6410F}.Release|Any CPU.ActiveCfg = Release|Any CPU
		{3C8F3D12-5D4E-45F8-80CE-6DF2E7C6410F}.Release|Any CPU.Build.0 = Release|Any CPU
		{6F5E7EB7-5129-4722-BC11-8C9C17838B1F}.Debug|Any CPU.ActiveCfg = Debug|Any CPU
		{6F5E7EB7-5129-4722-BC11-8C9C17838B1F}.Debug|Any CPU.Build.0 = Debug|Any CPU
		{6F5E7EB7-5129-4722-BC11-8C9C17838B1F}.Release|Any CPU.ActiveCfg = Release|Any CPU
		{6F5E7EB7-5129-4722-BC11-8C9C17838B1F}.Release|Any CPU.Build.0 = Release|Any CPU
	EndGlobalSection
	GlobalSection(SolutionProperties) = preSolution
		HideSolutionNode = FALSE
	EndGlobalSection
	GlobalSection(ExtensibilityGlobals) = postSolution
		SolutionGuid = {A2A05765-05B9-484D-8D3D-506849EB716F}
	EndGlobalSection
EndGlobal
